
Microsoft Visual Studio Solution File, Format Version 12.00
# Visual Studio Version 16
VisualStudioVersion = 16.0.28803.202
MinimumVisualStudioVersion = 10.0.40219.1
Project("{FAE04EC0-301F-11D3-BF4B-00C04F79EFBC}") = "LyricsRepository.Api", "LyricsRepository.Api\LyricsRepository.Api.csproj", "{B477FE91-94A9-42FE-AA5B-CDDAD4822A22}"
EndProject
Project("{FAE04EC0-301F-11D3-BF4B-00C04F79EFBC}") = "LyricsRepository.Tests.Unit", "LyricsRepository.Tests.Unit\LyricsRepository.Tests.Unit.csproj", "{F41852A2-06F9-4E8C-8D4F-536FC7EEB3EE}"
EndProject
Project("{FAE04EC0-301F-11D3-BF4B-00C04F79EFBC}") = "LyricsRepository.Core", "LyricsRepository.Core\LyricsRepository.Core.csproj", "{69DF728D-C24F-4531-8562-0B25459EA693}"
EndProject
Project("{FAE04EC0-301F-11D3-BF4B-00C04F79EFBC}") = "LyricsRepository.Tests.Integration", "LyricsRepository.Tests.Integration\LyricsRepository.Tests.Integration.csproj", "{1DDB973A-0DF9-4B45-9B4F-E9B4DE2464F2}"
EndProject
Global
	GlobalSection(SolutionConfigurationPlatforms) = preSolution
		Debug|Any CPU = Debug|Any CPU
		Release|Any CPU = Release|Any CPU
	EndGlobalSection
	GlobalSection(ProjectConfigurationPlatforms) = postSolution
		{B477FE91-94A9-42FE-AA5B-CDDAD4822A22}.Debug|Any CPU.ActiveCfg = Debug|Any CPU
		{B477FE91-94A9-42FE-AA5B-CDDAD4822A22}.Debug|Any CPU.Build.0 = Debug|Any CPU
		{B477FE91-94A9-42FE-AA5B-CDDAD4822A22}.Release|Any CPU.ActiveCfg = Release|Any CPU
		{B477FE91-94A9-42FE-AA5B-CDDAD4822A22}.Release|Any CPU.Build.0 = Release|Any CPU
		{F41852A2-06F9-4E8C-8D4F-536FC7EEB3EE}.Debug|Any CPU.ActiveCfg = Debug|Any CPU
		{F41852A2-06F9-4E8C-8D4F-536FC7EEB3EE}.Debug|Any CPU.Build.0 = Debug|Any CPU
		{F41852A2-06F9-4E8C-8D4F-536FC7EEB3EE}.Release|Any CPU.ActiveCfg = Release|Any CPU
		{F41852A2-06F9-4E8C-8D4F-536FC7EEB3EE}.Release|Any CPU.Build.0 = Release|Any CPU
		{69DF728D-C24F-4531-8562-0B25459EA693}.Debug|Any CPU.ActiveCfg = Debug|Any CPU
		{69DF728D-C24F-4531-8562-0B25459EA693}.Debug|Any CPU.Build.0 = Debug|Any CPU
		{69DF728D-C24F-4531-8562-0B25459EA693}.Release|Any CPU.ActiveCfg = Release|Any CPU
		{69DF728D-C24F-4531-8562-0B25459EA693}.Release|Any CPU.Build.0 = Release|Any CPU
		{1DDB973A-0DF9-4B45-9B4F-E9B4DE2464F2}.Debug|Any CPU.ActiveCfg = Debug|Any CPU
		{1DDB973A-0DF9-4B45-9B4F-E9B4DE2464F2}.Debug|Any CPU.Build.0 = Debug|Any CPU
		{1DDB973A-0DF9-4B45-9B4F-E9B4DE2464F2}.Release|Any CPU.ActiveCfg = Release|Any CPU
		{1DDB973A-0DF9-4B45-9B4F-E9B4DE2464F2}.Release|Any CPU.Build.0 = Release|Any CPU
	EndGlobalSection
	GlobalSection(SolutionProperties) = preSolution
		HideSolutionNode = FALSE
	EndGlobalSection
	GlobalSection(ExtensibilityGlobals) = postSolution
		SolutionGuid = {F8483307-5C6F-4BDA-8D6D-7434C1E95C08}
	EndGlobalSection
EndGlobal
