
Microsoft Visual Studio Solution File, Format Version 12.00
# Visual Studio Version 16
VisualStudioVersion = 16.0.28803.202
MinimumVisualStudioVersion = 10.0.40219.1
Project("{9A19103F-16F7-4668-BE54-9A1E7A4F7556}") = "LyricsRepository.Api", "LyricsRepository.Api\LyricsRepository.Api.csproj", "{B477FE91-94A9-42FE-AA5B-CDDAD4822A22}"
EndProject
Project("{9A19103F-16F7-4668-BE54-9A1E7A4F7556}") = "LyricsRepository.Tests.Unit", "LyricsRepository.Tests.Unit\LyricsRepository.Tests.Unit.csproj", "{F41852A2-06F9-4E8C-8D4F-536FC7EEB3EE}"
EndProject
Project("{9A19103F-16F7-4668-BE54-9A1E7A4F7556}") = "LyricsRepository.Core", "LyricsRepository.Core\LyricsRepository.Core.csproj", "{69DF728D-C24F-4531-8562-0B25459EA693}"
EndProject
Project("{9A19103F-16F7-4668-BE54-9A1E7A4F7556}") = "LyricsRepository.Tests.Integration", "LyricsRepository.Tests.Integration\LyricsRepository.Tests.Integration.csproj", "{1DDB973A-0DF9-4B45-9B4F-E9B4DE2464F2}"
EndProject
Project("{2150E333-8FDC-42A3-9474-1A3956D46DE8}") = "Settings", "Settings", "{769BC7A1-A6AB-4EC4-980D-9EF46C8E406D}"
	ProjectSection(SolutionItems) = preProject
		.bettercodehub.yml = .bettercodehub.yml
	EndProjectSection
EndProject
Project("{2150E333-8FDC-42A3-9474-1A3956D46DE8}") = "Misc", "Misc", "{F2B43D6E-7666-4E8D-8147-63BBD8588C44}"
	ProjectSection(SolutionItems) = preProject
		..\..\README.md = ..\..\README.md
	EndProjectSection
EndProject
Project("{2150E333-8FDC-42A3-9474-1A3956D46DE8}") = "Tests", "Tests", "{0C8A6FC6-C1BE-421C-91B6-E64E3DC01507}"
EndProject
Project("{2150E333-8FDC-42A3-9474-1A3956D46DE8}") = "Web", "Web", "{8259B2BA-A6B4-4E9A-8ADC-7A16F4392DD6}"
EndProject
Project("{2150E333-8FDC-42A3-9474-1A3956D46DE8}") = "Domain", "Domain", "{4A2FBF1E-EC91-4FBB-8986-72A687547C67}"
EndProject
Global
	GlobalSection(SolutionConfigurationPlatforms) = preSolution
		Debug|Any CPU = Debug|Any CPU
		Release|Any CPU = Release|Any CPU
	EndGlobalSection
	GlobalSection(ProjectConfigurationPlatforms) = postSolution
		{B477FE91-94A9-42FE-AA5B-CDDAD4822A22}.Debug|Any CPU.ActiveCfg = Debug|Any CPU
		{B477FE91-94A9-42FE-AA5B-CDDAD4822A22}.Debug|Any CPU.Build.0 = Debug|Any CPU
		{B477FE91-94A9-42FE-AA5B-CDDAD4822A22}.Release|Any CPU.ActiveCfg = Release|Any CPU
		{B477FE91-94A9-42FE-AA5B-CDDAD4822A22}.Release|Any CPU.Build.0 = Release|Any CPU
		{F41852A2-06F9-4E8C-8D4F-536FC7EEB3EE}.Debug|Any CPU.ActiveCfg = Debug|Any CPU
		{F41852A2-06F9-4E8C-8D4F-536FC7EEB3EE}.Debug|Any CPU.Build.0 = Debug|Any CPU
		{F41852A2-06F9-4E8C-8D4F-536FC7EEB3EE}.Release|Any CPU.ActiveCfg = Release|Any CPU
		{F41852A2-06F9-4E8C-8D4F-536FC7EEB3EE}.Release|Any CPU.Build.0 = Release|Any CPU
		{69DF728D-C24F-4531-8562-0B25459EA693}.Debug|Any CPU.ActiveCfg = Debug|Any CPU
		{69DF728D-C24F-4531-8562-0B25459EA693}.Debug|Any CPU.Build.0 = Debug|Any CPU
		{69DF728D-C24F-4531-8562-0B25459EA693}.Release|Any CPU.ActiveCfg = Release|Any CPU
		{69DF728D-C24F-4531-8562-0B25459EA693}.Release|Any CPU.Build.0 = Release|Any CPU
		{1DDB973A-0DF9-4B45-9B4F-E9B4DE2464F2}.Debug|Any CPU.ActiveCfg = Debug|Any CPU
		{1DDB973A-0DF9-4B45-9B4F-E9B4DE2464F2}.Debug|Any CPU.Build.0 = Debug|Any CPU
		{1DDB973A-0DF9-4B45-9B4F-E9B4DE2464F2}.Release|Any CPU.ActiveCfg = Release|Any CPU
		{1DDB973A-0DF9-4B45-9B4F-E9B4DE2464F2}.Release|Any CPU.Build.0 = Release|Any CPU
	EndGlobalSection
	GlobalSection(SolutionProperties) = preSolution
		HideSolutionNode = FALSE
	EndGlobalSection
	GlobalSection(NestedProjects) = preSolution
		{B477FE91-94A9-42FE-AA5B-CDDAD4822A22} = {8259B2BA-A6B4-4E9A-8ADC-7A16F4392DD6}
		{F41852A2-06F9-4E8C-8D4F-536FC7EEB3EE} = {0C8A6FC6-C1BE-421C-91B6-E64E3DC01507}
		{69DF728D-C24F-4531-8562-0B25459EA693} = {4A2FBF1E-EC91-4FBB-8986-72A687547C67}
		{1DDB973A-0DF9-4B45-9B4F-E9B4DE2464F2} = {0C8A6FC6-C1BE-421C-91B6-E64E3DC01507}
	EndGlobalSection
	GlobalSection(ExtensibilityGlobals) = postSolution
		SolutionGuid = {F8483307-5C6F-4BDA-8D6D-7434C1E95C08}
	EndGlobalSection
EndGlobal
